{"SurveyEntry":{"SurveyID":"SV_6WFmWl0HOblEvhb","SurveyName":"Excellence Application Form","SurveyDescription":null,"SurveyOwnerID":"UR_2f6OFEQZ0ycgPg9","SurveyBrandID":"justiceleague","DivisionID":null,"SurveyLanguage":"EN","SurveyActiveResponseSet":"RS_ba8cCkM03ddWuIl","SurveyStatus":"Active","SurveyStartDate":"0000-00-00 00:00:00","SurveyExpirationDate":"0000-00-00 00:00:00","SurveyCreationDate":"2015-05-16 22:56:37","CreatorID":"UR_2f6OFEQZ0ycgPg9","LastModified":"2015-06-04 23:53:51","LastAccessed":"0000-00-00 00:00:00","LastActivated":"2015-05-16 23:03:19","Deleted":null},"SurveyElements":[{"SurveyID":"SV_6WFmWl0HOblEvhb","Element":"BL","PrimaryAttribute":"Survey Blocks","SecondaryAttribute":null,"TertiaryAttribute":null,"Payload":[{"Type":"Default","Description":"Default Question Block","ID":"BL_eQagUUn8sw9ioAZ","BlockElements":[{"Type":"Question","QuestionID":"QID1"},{"Type":"Page Break"},{"Type":"Question","QuestionID":"QID2"},{"Type":"Question","QuestionID":"QID3"},{"Type":"Question","QuestionID":"QID4"},{"Type":"Page Break"},{"Type":"Question","QuestionID":"QID5"},{"Type":"Question","QuestionID":"QID6"},{"Type":"Question","QuestionID":"QID7"},{"Type":"Question","QuestionID":"QID8"},{"Type":"Page Break"},{"Type":"Question","QuestionID":"QID9"},{"Type":"Question","QuestionID":"QID10"},{"Type":"Question","QuestionID":"QID11"},{"Type":"Page Break"},{"Type":"Question","QuestionID":"QID12"},{"Type":"Question","QuestionID":"QID13"},{"Type":"Page Break"},{"Type":"Question","QuestionID":"QID14"},{"Type":"Question","QuestionID":"QID15"},{"Type":"Page Break"},{"Type":"Question","QuestionID":"QID17"}]},{"Type":"Trash","Description":"Trash \/ Unused Questions","ID":"BL_e8MnkrgvFoECjJj","BlockElements":[{"Type":"Question","QuestionID":"QID16"}]}]},{"SurveyID":"SV_6WFmWl0HOblEvhb","Element":"FL","PrimaryAttribute":"Survey Flow","SecondaryAttribute":null,"TertiaryAttribute":null,"Payload":{"Flow":[{"ID":"BL_eQagUUn8sw9ioAZ","Type":"Block","FlowID":"FL_2"}],"Properties":{"Count":2},"FlowID":"FL_1","Type":"Root"}},{"SurveyID":"SV_6WFmWl0HOblEvhb","Element":"SO","PrimaryAttribute":"Survey Options","SecondaryAttribute":null,"TertiaryAttribute":null,"Payload":{"BackButton":"true","SaveAndContinue":"false","SurveyProtection":"PublicSurvey","BallotBoxStuffingPrevention":"false","NoIndex":"No","SurveyExpiration":null,"SurveyTermination":"DefaultMessage","Header":"","Footer":"","ProgressBarDisplay":"None","PartialData":"+1 week","ValidationMessage":null,"PreviousButton":"  <<  ","NextButton":"  >>  ","SkinLibrary":"Qualtrics","SkinType":"MQ","Skin":"v4qualtrics2","NewScoring":1,"EOSMessage":"","ShowExportTags":"false","CollectGeoLocation":"false","SurveyTitle":"Excellence in-Home Tutoring | Careers","SurveyMetaDescription":"Start your career off right by joining the team at Excellence In-Home Tutoring. Providing ACT tutoring for the Utah County\/Salt Lake area for over 5 years, we have become a leader in the field of mentoring. Join us today!","PasswordProtection":"No","AnonymizeResponse":"No","Password":"","RefererCheck":"No","RefererURL":"http:\/\/","EOSMessageLibrary":"","EOSRedirectURL":"http:\/\/","EmailThankYou":"false","ThankYouEmailMessageLibrary":null,"ThankYouEmailMessage":null,"ValidateMessage":"false","ValidationMessageLibrary":null,"InactiveSurvey":"DefaultMessage","InactiveMessageLibrary":"","InactiveMessage":"","AvailableLanguages":{"EN":[]},"libraryId":"","nextButtonMid":"","previousButtonMid":"","headerMid":"","footerMid":"","QuestionsPerPage":"","PageTransition":"Slide","ExternalCSS":null,"CustomStyles":{"errorStyles":{"selector":".Skin .ValidationError","styles":{"color":null,"backgroundColor":null,"borderColor":null}},"errorStylesBG":{"selector":".Skin .HeaderValidationError, .Skin .HeaderValidationError li a","styles":{"color":null,"backgroundColor":null}},"pageStyles":{"selector":"#SurveyEngineBody","styles":{"backgroundColor":null}},"textStyles":{"selector":".SkinInner","styles":{"fontFamily":null,"fontSize":null,"fontWeight":null,"fontStyle":null,"textDecoration":null,"color":null}},"questionStyles":{"selector":".Skin .QuestionText","styles":{"fontFamily":null,"fontSize":null,"fontWeight":null,"fontStyle":null,"textDecoration":null,"color":null}},"choiceStyles":{"selector":".Skin .horizontalbar th.ylabel, .Skin .Matrix table td, .Skin .Matrix table th, .Skin .Matrix table thead th, .Skin .Matrix table thead td, .Skin .PGR .DragAndDrop .Items label, .Skin .QuestionBody ul.ChoiceStructure, .Skin .PGR .DragAndDrop .Group ul, .Skin .PGR .DragAndDrop .Group h2, .Skin .PGR .DragAndDrop .Items ul, .Skin .PGR .DragAndDrop .Items h2, .Skin .DD .QuestionBody table.ChoiceStructure, .Skin .PGR .DragAndDrop .NoColumns td.groupsContainerTd div ul, .Skin .PGR .DragAndDrop .NoColumns td.groupsContainerTd div h2, .Skin .SBS thead th, .Skin .SBS td, .Skin .SBS .Answers td, .Skin .SBS .Answers th, .SBS table.ChoiceStructure, .Skin .horizontalbar thead table.LabelDescriptions tr td, .Skin .horizontalbar thead tr td.NotApplicable, .QuestionBody th, .Skin .QuestionBody .MC .MAVR label, .Skin .QuestionBody .MC .SAVR label, .Skin .SBS thead th, .Skin .SBS td, .Skin .RO .DND ul li, .Skin .reg, .SkinInner .ChoiceStructure, .Skin thead, .Skin .GAP .ChoiceStructure thead th, .Skin .GAP .ChoiceStructure .c4, .Skin .GAP .ChoiceStructure th, .Skin .GAP .ChoiceStructure .WhyText, .SkinInner .ChoiceStructure .LightBG, .Skin .QuestionOuter.Highlight .Inner .reg, .Skin .QuestionOuter.Highlight .Inner .alt, .Skin .QuestionOuter.Highlight .Inner .ReadableAlt       ","styles":{"fontFamily":null,"fontSize":null,"fontWeight":null,"fontStyle":null,"textDecoration":null,"color":null}},"headerStyles":{"selector":".Skin div#Header","styles":{"color":null}},"footerStyles":{"selector":".Skin #Footer","styles":{"color":null}},"questionSeparatorStyles":{"selector":".Skin .Separator","styles":{"backgroundColor":null,"display":"block"}},"highlightStyles":{"selector":".Skin .QuestionOuter.Highlight .Inner, .Skin .QuestionOuter.Highlight .Inner .reg, .Skin .QuestionOuter.Highlight .Inner .alt, .Skin .QuestionOuter.Highlight .Inner .ReadableAlt","styles":{"backgroundColor":null}},"highlightStylesAlt":{"selector":".Skin .QuestionOuter.Highlight .Inner .ReadableAlt, .Skin .QuestionOuter.Highlight .Inner .LightBG","styles":{"backgroundColor":null}},"textEntryStyles":{"selector":".Skin select, .Skin .InputText","styles":{"color":null}},"borderStyles":{"selector":".Skin .CS .horizontalbar table.sliderGrid tr.xlabel th, .Skin .CS .horizontalbar .ylabel, .Skin .CS .horizontalbar table.sliderGrid tr td.value, .Skin .Slider .horizontalbar table.sliderGrid tr.xlabel th, .Skin .BorderColor, .Skin .DarkBorderColor, .Skin .Slider .horizontalbar table.sliderGrid tr td.value, .Skin thead, .Skin .GAP .ChoiceStructure thead th  ","styles":{"borderColor":null}},"altRowStyles":{"selector":".Skin .ReadableAlt, .Skin .LightBG","styles":{"backgroundColor":null}},"customCSS":"\/* Place your CSS here *\/\n#SurveyEngineBody {\n\tbackground: transparent !important;\n}\n.Skin .SkinInner {\n\tbackground: rgba(255,255,255,.85) !important;\n}\n.Skin .HeaderValidationError, .Skin .HeaderValidationError li a {\n\tdisplay:none !important;\n}\n.Skin #Buttons #NextButton, .Skin #Buttons #PreviousButton {\n\tbackground-color: rgb(128,198,249) !important;\n}"},"HighlightQuestions":"off","ProtectSelectionIds":true}},{"SurveyID":"SV_6WFmWl0HOblEvhb","Element":"TR","PrimaryAttribute":"TR_6Kn2Radu3msRyfj","SecondaryAttribute":null,"TertiaryAttribute":null,"Payload":{"TriggerAction":"EmailMessage","Type":"OnSurveyComplete","ToEmail":"excellenceinhometutoring@gmail.com","FromName":"","FromEmail":"trigger@qemailserver.com","SendDate":"now","Subject":"Excellence Application Form","Message":"Please see response below:&nbsp;","IncludeReport":true,"UseFullText":false,"ID":"TR_6Kn2Radu3msRyfj"}},{"SurveyID":"SV_6WFmWl0HOblEvhb","Element":"SCO","PrimaryAttribute":"Scoring","SecondaryAttribute":null,"TertiaryAttribute":null,"Payload":{"ScoringCategories":[],"ScoringCategoryGroups":[],"ScoringSummaryCategory":null,"ScoringSummaryAfterQuestions":0,"ScoringSummaryAfterSurvey":0,"DefaultScoringCategory":null,"AutoScoringCategory":null}},{"SurveyID":"SV_6WFmWl0HOblEvhb","Element":"STAT","PrimaryAttribute":"Survey Statistics","SecondaryAttribute":null,"TertiaryAttribute":null,"Payload":{"MobileCompatible":false,"ID":"Survey Statistics"}},{"SurveyID":"SV_6WFmWl0HOblEvhb","Element":"QC","PrimaryAttribute":"Survey Question Count","SecondaryAttribute":"17","TertiaryAttribute":null,"Payload":null},{"SurveyID":"SV_6WFmWl0HOblEvhb","Element":"SQ","PrimaryAttribute":"QID2","SecondaryAttribute":"Contact Information: Name, Phone Number, Email","TertiaryAttribute":null,"Payload":{"QuestionText":"Contact Information: Name, Phone Number, Email","DefaultChoices":false,"DataExportTag":"Q4","QuestionType":"TE","Selector":"FORM","Configuration":{"QuestionDescriptionOption":"UseText"},"QuestionDescription":"Contact Information: Name, Phone Number, Email","Choices":{"1":{"Display":"Name"},"2":{"Display":"Phone Number"},"3":{"Display":"Email Address"}},"ChoiceOrder":[1,2,3],"Validation":{"Settings":{"ForceResponse":"ON","ForceResponseType":"ON","Type":null}},"GradingData":[],"Language":[],"QuestionID":"QID2"}},{"SurveyID":"SV_6WFmWl0HOblEvhb","Element":"RS","PrimaryAttribute":"RS_ba8cCkM03ddWuIl","SecondaryAttribute":"Default Response Set","TertiaryAttribute":null,"Payload":null},{"SurveyID":"SV_6WFmWl0HOblEvhb","Element":"SQ","PrimaryAttribute":"QID11","SecondaryAttribute":"Do you own a car\/access to a car and are you willing to travel\nanywhere in Utah County\/South Salt...","TertiaryAttribute":null,"Payload":{"QuestionText":"Do you own a car\/access to a car and are you willing to travel anywhere in Utah County\/South Salt lake County to tutor?","DefaultChoices":false,"DataExportTag":"Q22","QuestionType":"MC","Selector":"SAVR","SubSelector":"TX","Configuration":{"QuestionDescriptionOption":"UseText"},"QuestionDescription":"Do you own a car\/access to a car and are you willing to travel\nanywhere in Utah County\/South Salt...","Choices":{"1":{"Display":"Yes"},"2":{"Display":"No"}},"ChoiceOrder":[1,2],"Validation":{"Settings":{"ForceResponse":"ON","ForceResponseType":"ON","Type":"None"}},"GradingData":[],"Language":[],"QuestionID":"QID11"}},{"SurveyID":"SV_6WFmWl0HOblEvhb","Element":"SQ","PrimaryAttribute":"QID15","SecondaryAttribute":"How did you hear about Excellence In-Home Tutoring?","TertiaryAttribute":null,"Payload":{"QuestionText":"How did you hear about Excellence In-Home Tutoring?","DefaultChoices":false,"DataExportTag":"Q30","QuestionType":"TE","Selector":"ESTB","Configuration":{"QuestionDescriptionOption":"UseText"},"QuestionDescription":"How did you hear about Excellence In-Home Tutoring?","Validation":{"Settings":{"ForceResponse":"OFF","ForceResponseType":"ON","Type":"None"}},"GradingData":[],"Language":[],"QuestionID":"QID15"}},{"SurveyID":"SV_6WFmWl0HOblEvhb","Element":"SQ","PrimaryAttribute":"QID8","SecondaryAttribute":"How long of a commitment are you willing to give Excellence In-Home\nTutoring? ","TertiaryAttribute":null,"Payload":{"QuestionText":"How long of a commitment are you willing to give Excellence In-Home Tutoring?&nbsp;","DefaultChoices":false,"DataExportTag":"Q16","QuestionType":"MC","Selector":"SAVR","SubSelector":"TX","Configuration":{"QuestionDescriptionOption":"UseText"},"QuestionDescription":"How long of a commitment are you willing to give Excellence In-Home\nTutoring? ","Choices":{"1":{"Display":"Less than one year."},"2":{"Display":"One year."},"3":{"Display":"More than one year."}},"ChoiceOrder":["1","2","3"],"Validation":{"Settings":{"ForceResponse":"ON","ForceResponseType":"ON","Type":"None"}},"GradingData":[],"Language":[],"QuestionID":"QID8"}},{"SurveyID":"SV_6WFmWl0HOblEvhb","Element":"SQ","PrimaryAttribute":"QID5","SecondaryAttribute":"How many hours per week would you be willing to work?","TertiaryAttribute":null,"Payload":{"QuestionText":"How many hours per week would you be willing to work?","DefaultChoices":false,"DataExportTag":"Q10","QuestionType":"TE","Selector":"SL","Configuration":{"QuestionDescriptionOption":"UseText"},"QuestionDescription":"How many hours per week would you be willing to work?","Validation":{"Settings":{"ForceResponse":"OFF","ForceResponseType":"ON","Type":"None"}},"GradingData":[],"Language":[],"QuestionID":"QID5"}},{"SurveyID":"SV_6WFmWl0HOblEvhb","Element":"SQ","PrimaryAttribute":"QID6","SecondaryAttribute":"How many hours per week would you prefer to work?","TertiaryAttribute":null,"Payload":{"QuestionText":"How many hours per week would you prefer to work?","DefaultChoices":false,"DataExportTag":"Q12","QuestionType":"TE","Selector":"SL","Configuration":{"QuestionDescriptionOption":"UseText"},"QuestionDescription":"How many hours per week would you prefer to work?","Validation":{"Settings":{"ForceResponse":"OFF","ForceResponseType":"ON","Type":"None"}},"GradingData":[],"Language":[],"QuestionID":"QID6"}},{"SurveyID":"SV_6WFmWl0HOblEvhb","Element":"SQ","PrimaryAttribute":"QID4","SecondaryAttribute":"Please give your current availability (days\/times).","TertiaryAttribute":null,"Payload":{"QuestionText":"Please give your current availability (days\/times).","DefaultChoices":false,"DataExportTag":"Q8","QuestionType":"TE","Selector":"ESTB","Configuration":{"QuestionDescriptionOption":"UseText"},"QuestionDescription":"Please give your current availability (days\/times).","Validation":{"Settings":{"ForceResponse":"RequestResponse","ForceResponseType":"RequestResponse","Type":"None"}},"GradingData":[],"Language":[],"QuestionID":"QID4"}},{"SurveyID":"SV_6WFmWl0HOblEvhb","Element":"SQ","PrimaryAttribute":"QID13","SecondaryAttribute":"Please list any teaching experience.","TertiaryAttribute":null,"Payload":{"QuestionText":"Please list any teaching experience.","DefaultChoices":false,"DataExportTag":"Q26","QuestionType":"TE","Selector":"ESTB","Configuration":{"QuestionDescriptionOption":"UseText"},"QuestionDescription":"Please list any teaching experience.","Validation":{"Settings":{"ForceResponse":"RequestResponse","ForceResponseType":"RequestResponse","Type":"None"}},"GradingData":[],"Language":[],"QuestionID":"QID13"}},{"SurveyID":"SV_6WFmWl0HOblEvhb","Element":"SQ","PrimaryAttribute":"QID16","SecondaryAttribute":"Please upload your resume here.","TertiaryAttribute":null,"Payload":{"QuestionText":"Please upload your resume here.","DefaultChoices":false,"DataExportTag":"Q32","QuestionType":"FileUpload","Selector":"FileUpload","Configuration":{"QuestionDescriptionOption":"UseText"},"QuestionDescription":"Please upload your resume here.","Validation":{"Settings":{"ForceResponse":"ON","Type":"None"}},"GradingData":[],"Language":[],"QuestionID":"QID16"}},{"SurveyID":"SV_6WFmWl0HOblEvhb","Element":"SQ","PrimaryAttribute":"QID17","SecondaryAttribute":"Please upload your resume here: ","TertiaryAttribute":null,"Payload":{"QuestionText":"Please upload your resume here:&nbsp;","DefaultChoices":false,"DataExportTag":"Q17","QuestionType":"FileUpload","Selector":"FileUpload","Configuration":{"QuestionDescriptionOption":"UseText"},"QuestionDescription":"Please upload your resume here: ","Validation":{"Settings":{"ForceResponse":"OFF","Type":"None"}},"GradingData":[],"Language":[],"QuestionID":"QID17"}},{"SurveyID":"SV_6WFmWl0HOblEvhb","Element":"SQ","PrimaryAttribute":"QID3","SecondaryAttribute":"Professional References (Name, Phone Number, Relation).","TertiaryAttribute":null,"Payload":{"QuestionText":"Professional References (Name, Phone Number, Relation).","DefaultChoices":false,"DataExportTag":"Q6","QuestionType":"TE","Selector":"FORM","Configuration":{"QuestionDescriptionOption":"UseText"},"QuestionDescription":"Professional References (Name, Phone Number, Relation).","Choices":{"1":{"Display":"Reference #1"},"2":{"Display":"Reference #2"},"3":{"Display":"Reference #3"}},"ChoiceOrder":[1,2,3],"Validation":{"Settings":{"ForceResponse":"RequestResponse","ForceResponseType":"RequestResponse","Type":null}},"GradingData":[],"Language":[],"QuestionID":"QID3"}},{"SurveyID":"SV_6WFmWl0HOblEvhb","Element":"SQ","PrimaryAttribute":"QID1","SecondaryAttribute":"Thank you for showing interest in working for Excellence In-Home\nTutoring. Please complete the su...","TertiaryAttribute":null,"Payload":{"QuestionText":"Thank you for showing interest in working for Excellence In-Home Tutoring. &nbsp;Please complete the survey to submit your application.","DefaultChoices":false,"DataExportTag":"Q2","QuestionType":"DB","Selector":"TB","Configuration":{"QuestionDescriptionOption":"UseText"},"QuestionDescription":"Thank you for showing interest in working for Excellence In-Home\nTutoring. Please complete the su...","ChoiceOrder":[],"Validation":{"Settings":{"Type":"None"}},"GradingData":[],"Language":[],"QuestionID":"QID1"}},{"SurveyID":"SV_6WFmWl0HOblEvhb","Element":"SQ","PrimaryAttribute":"QID9","SecondaryAttribute":"What did you score on the ACT","TertiaryAttribute":null,"Payload":{"QuestionText":"What did you score on the ACT","DefaultChoices":false,"DataExportTag":"Q18","QuestionType":"TE","Selector":"FORM","Configuration":{"QuestionDescriptionOption":"UseText"},"QuestionDescription":"What did you score on the ACT","Choices":{"1":{"Display":"Overall Score"},"2":{"Display":"English Score (Optional)"},"3":{"Display":"Math Score (Optional)"},"4":{"Display":"Reading Score (Optional)"},"5":{"Display":"Science Score (Optional)"}},"ChoiceOrder":[1,2,3,4,5],"Validation":{"Settings":{"ForceResponse":"OFF","ForceResponseType":"ON","Type":null}},"GradingData":[],"Language":[],"QuestionID":"QID9"}},{"SurveyID":"SV_6WFmWl0HOblEvhb","Element":"SQ","PrimaryAttribute":"QID7","SecondaryAttribute":"What is the least amount of hours a week that you would want to\nwork?","TertiaryAttribute":null,"Payload":{"QuestionText":"<span style=\"color: rgb(51, 51, 51); font-family: sans-serif, Arial, Verdana, 'Trebuchet MS'; font-size: 13px;\">What is the least amount of hours a week that you would want to work?<\/span>","DefaultChoices":false,"DataExportTag":"Q14","QuestionType":"TE","Selector":"SL","Configuration":{"QuestionDescriptionOption":"UseText"},"QuestionDescription":"What is the least amount of hours a week that you would want to\nwork?","Validation":{"Settings":{"ForceResponse":"OFF","ForceResponseType":"ON","Type":"None"}},"GradingData":[],"Language":[],"QuestionID":"QID7"}},{"SurveyID":"SV_6WFmWl0HOblEvhb","Element":"SQ","PrimaryAttribute":"QID12","SecondaryAttribute":"What is\/was your Major and GPA? Expected Graduation Date?","TertiaryAttribute":null,"Payload":{"QuestionText":"What is\/was your Major and GPA? &nbsp;Expected Graduation Date?","DefaultChoices":false,"DataExportTag":"Q24","QuestionType":"TE","Selector":"ESTB","Configuration":{"QuestionDescriptionOption":"UseText"},"QuestionDescription":"What is\/was your Major and GPA? Expected Graduation Date?","Validation":{"Settings":{"ForceResponse":"RequestResponse","ForceResponseType":"RequestResponse","Type":"None"}},"GradingData":[],"Language":[],"QuestionID":"QID12"}},{"SurveyID":"SV_6WFmWl0HOblEvhb","Element":"SQ","PrimaryAttribute":"QID10","SecondaryAttribute":"What would you be more effective at teaching?","TertiaryAttribute":null,"Payload":{"QuestionText":"What would you be more effective at teaching?","DataExportTag":"Q20","QuestionType":"MC","Selector":"SAVR","SubSelector":"TX","Configuration":{"QuestionDescriptionOption":"UseText"},"QuestionDescription":"What would you be more effective at teaching?","Choices":{"1":{"Display":"English and Reading"},"2":{"Display":"Math and Science"},"3":{"Display":"All of the Above"}},"ChoiceOrder":["1","2","3"],"Validation":{"Settings":{"ForceResponse":"ON","ForceResponseType":"ON","Type":"None"}},"Language":[],"QuestionID":"QID10"}},{"SurveyID":"SV_6WFmWl0HOblEvhb","Element":"SQ","PrimaryAttribute":"QID14","SecondaryAttribute":"Why do you want to work at Excellence in-Home Tutoring?","TertiaryAttribute":null,"Payload":{"QuestionText":"Why do you want to work at Excellence in-Home Tutoring?","DefaultChoices":false,"DataExportTag":"Q28","QuestionType":"TE","Selector":"ESTB","Configuration":{"QuestionDescriptionOption":"UseText"},"QuestionDescription":"Why do you want to work at Excellence in-Home Tutoring?","Validation":{"Settings":{"ForceResponse":"OFF","ForceResponseType":"ON","Type":"None"}},"GradingData":[],"Language":[],"QuestionID":"QID14"}}]}